<?xml version="1.0" encoding="utf-8"?>
<Project ToolsVersion="4.0" xmlns="http://schemas.microsoft.com/developer/msbuild/2003">
  <ItemGroup>
    <Filter Include="Source Files">
      <UniqueIdentifier>{4FC737F1-C7A5-4376-A066-2A32D752A2FF}</UniqueIdentifier>
      <Extensions>cpp;c;cc;cxx;c++;cppm;ixx;def;odl;idl;hpj;bat;asm;asmx</Extensions>
    </Filter>
    <Filter Include="Header Files">
      <UniqueIdentifier>{93995380-89BD-4b04-88EB-625FBE52EBFB}</UniqueIdentifier>
      <Extensions>h;hh;hpp;hxx;h++;hm;inl;inc;ipp;xsd</Extensions>
    </Filter>
    <Filter Include="Resource Files">
      <UniqueIdentifier>{67DA6AB6-F800-4c08-8B7A-83BB121AAD01}</UniqueIdentifier>
      <Extensions>rc;ico;cur;bmp;dlg;rc2;rct;bin;rgs;gif;jpg;jpeg;jpe;resx;tiff;tif;png;wav;mfcribbon-ms</Extensions>
    </Filter>
    <Filter Include="Resource Files\gups">
      <UniqueIdentifier>{58800f26-f363-44eb-859c-85fee2b19280}</UniqueIdentifier>
    </Filter>
    <Filter Include="Resource Files\memes">
      <UniqueIdentifier>{6ac63da7-718d-4c18-96f2-44a1478e3a34}</UniqueIdentifier>
    </Filter>
  </ItemGroup>
  <ItemGroup>
    <ClCompile Include="Program.cpp">
      <Filter>Source Files</Filter>
    </ClCompile>
    <ClCompile Include="Gup_Window.cpp">
      <Filter>Source Files</Filter>
    </ClCompile>
  </ItemGroup>
  <ItemGroup>
    <ClInclude Include="Window.h">
      <Filter>Header Files</Filter>
    </ClInclude>
    <ClInclude Include="resource.h">
      <Filter>Header Files</Filter>
    </ClInclude>
  </ItemGroup>
  <ItemGroup>
    <ResourceCompile Include="Resource.rc">
      <Filter>Resource Files</Filter>
    </ResourceCompile>
  </ItemGroup>
  <ItemGroup>
    <Image Include="..\..\Visible_Pain\Visible_Pain\gupping\l0_filp_gup01.png">
      <Filter>Resource Files\gups</Filter>
    </Image>
    <Image Include="..\..\Visible_Pain\Visible_Pain\gupping\l0_filp_gup02.png">
      <Filter>Resource Files\gups</Filter>
    </Image>
    <Image Include="..\..\Visible_Pain\Visible_Pain\gupping\l0_filp_gup03.png">
      <Filter>Resource Files\gups</Filter>
    </Image>
    <Image Include="..\..\Visible_Pain\Visible_Pain\gupping\l0_filp_gup04.png">
      <Filter>Resource Files\gups</Filter>
    </Image>
    <Image Include="..\..\Visible_Pain\Visible_Pain\gupping\l0_filp_gup05.png">
      <Filter>Resource Files\gups</Filter>
    </Image>
    <Image Include="..\..\Visible_Pain\Visible_Pain\gupping\l0_filp_gup06.png">
      <Filter>Resource Files\gups</Filter>
    </Image>
    <Image Include="..\..\Visible_Pain\Visible_Pain\gupping\l0_filp_gup07.png">
      <Filter>Resource Files\gups</Filter>
    </Image>
    <Image Include="..\..\Visible_Pain\Visible_Pain\gupping\l0_filp_gup08.png">
      <Filter>Resource Files\gups</Filter>
    </Image>
    <Image Include="..\..\Visible_Pain\Visible_Pain\gupping\l0_filp_gup09.png">
      <Filter>Resource Files\gups</Filter>
    </Image>
    <Image Include="..\..\Visible_Pain\Visible_Pain\gupping\l0_filp_gup10.png">
      <Filter>Resource Files\gups</Filter>
    </Image>
    <Image Include="..\..\Visible_Pain\Visible_Pain\gupping\l0_filp_gup11.png">
      <Filter>Resource Files\gups</Filter>
    </Image>
    <Image Include="..\..\Visible_Pain\Visible_Pain\gupping\l0_filp_gup12.png">
      <Filter>Resource Files\gups</Filter>
    </Image>
    <Image Include="..\..\Visible_Pain\Visible_Pain\gupping\l0_filp_gup13.png">
      <Filter>Resource Files\gups</Filter>
    </Image>
    <Image Include="..\..\Visible_Pain\Visible_Pain\gupping\l0_filp_gup14.png">
      <Filter>Resource Files\gups</Filter>
    </Image>
    <Image Include="..\..\Visible_Pain\Visible_Pain\gupping\l0_filp_gup15.png">
      <Filter>Resource Files\gups</Filter>
    </Image>
    <Image Include="..\..\Visible_Pain\Visible_Pain\gupping\l0_filp_gup16.png">
      <Filter>Resource Files\gups</Filter>
    </Image>
    <Image Include="..\..\Visible_Pain\Visible_Pain\gupping\l0_filp_gup17.png">
      <Filter>Resource Files\gups</Filter>
    </Image>
    <Image Include="..\..\Visible_Pain\Visible_Pain\gupping\l0_filp_gup18.png">
      <Filter>Resource Files\gups</Filter>
    </Image>
    <Image Include="..\..\Visible_Pain\Visible_Pain\gupping\l0_filp_gup19.png">
      <Filter>Resource Files\gups</Filter>
    </Image>
    <Image Include="..\..\Visible_Pain\Visible_Pain\gupping\l0_filp_gup20.png">
      <Filter>Resource Files\gups</Filter>
    </Image>
    <Image Include="..\..\Visible_Pain\Visible_Pain\gupping\l0_filp_gup21.png">
      <Filter>Resource Files\gups</Filter>
    </Image>
    <Image Include="..\..\Visible_Pain\Visible_Pain\gupping\l0_filp_gup22.png">
      <Filter>Resource Files\gups</Filter>
    </Image>
    <Image Include="..\..\Visible_Pain\Visible_Pain\gupping\l0_filp_gup23.png">
      <Filter>Resource Files\gups</Filter>
    </Image>
    <Image Include="..\..\Visible_Pain\Visible_Pain\gupping\l0_filp_gup24.png">
      <Filter>Resource Files\gups</Filter>
    </Image>
    <Image Include="..\..\Visible_Pain\Visible_Pain\gupping\l0_filp_gup25.png">
      <Filter>Resource Files\gups</Filter>
    </Image>
    <Image Include="..\..\Visible_Pain\Visible_Pain\gupping\l0_filp_gup26.png">
      <Filter>Resource Files\gups</Filter>
    </Image>
    <Image Include="..\..\Visible_Pain\Visible_Pain\gupping\l0_filp_gup27.png">
      <Filter>Resource Files\gups</Filter>
    </Image>
    <Image Include="..\..\Visible_Pain\Visible_Pain\gupping\l0_filp_gup28.png">
      <Filter>Resource Files\gups</Filter>
    </Image>
    <Image Include="..\..\Visible_Pain\Visible_Pain\gupping\l0_filp_gup29.png">
      <Filter>Resource Files\gups</Filter>
    </Image>
    <Image Include="..\..\Visible_Pain\Visible_Pain\gupping\l0_gup01.png">
      <Filter>Resource Files\gups</Filter>
    </Image>
    <Image Include="..\..\Visible_Pain\Visible_Pain\gupping\l0_gup02.png">
      <Filter>Resource Files\gups</Filter>
    </Image>
    <Image Include="..\..\Visible_Pain\Visible_Pain\gupping\l0_gup03.png">
      <Filter>Resource Files\gups</Filter>
    </Image>
    <Image Include="..\..\Visible_Pain\Visible_Pain\gupping\l0_gup04.png">
      <Filter>Resource Files\gups</Filter>
    </Image>
    <Image Include="..\..\Visible_Pain\Visible_Pain\gupping\l0_gup05.png">
      <Filter>Resource Files\gups</Filter>
    </Image>
    <Image Include="..\..\Visible_Pain\Visible_Pain\gupping\l0_gup06.png">
      <Filter>Resource Files\gups</Filter>
    </Image>
    <Image Include="..\..\Visible_Pain\Visible_Pain\gupping\l0_gup07.png">
      <Filter>Resource Files\gups</Filter>
    </Image>
    <Image Include="..\..\Visible_Pain\Visible_Pain\gupping\l0_gup08.png">
      <Filter>Resource Files\gups</Filter>
    </Image>
    <Image Include="..\..\Visible_Pain\Visible_Pain\gupping\l0_gup09.png">
      <Filter>Resource Files\gups</Filter>
    </Image>
    <Image Include="..\..\Visible_Pain\Visible_Pain\gupping\l0_gup10.png">
      <Filter>Resource Files\gups</Filter>
    </Image>
    <Image Include="..\..\Visible_Pain\Visible_Pain\gupping\l0_gup11.png">
      <Filter>Resource Files\gups</Filter>
    </Image>
    <Image Include="..\..\Visible_Pain\Visible_Pain\gupping\l0_gup12.png">
      <Filter>Resource Files\gups</Filter>
    </Image>
    <Image Include="..\..\Visible_Pain\Visible_Pain\gupping\l0_gup13.png">
      <Filter>Resource Files\gups</Filter>
    </Image>
    <Image Include="..\..\Visible_Pain\Visible_Pain\gupping\l0_gup14.png">
      <Filter>Resource Files\gups</Filter>
    </Image>
    <Image Include="..\..\Visible_Pain\Visible_Pain\gupping\l0_gup15.png">
      <Filter>Resource Files\gups</Filter>
    </Image>
    <Image Include="..\..\Visible_Pain\Visible_Pain\gupping\l0_gup16.png">
      <Filter>Resource Files\gups</Filter>
    </Image>
    <Image Include="..\..\Visible_Pain\Visible_Pain\gupping\l0_gup17.png">
      <Filter>Resource Files\gups</Filter>
    </Image>
    <Image Include="..\..\Visible_Pain\Visible_Pain\gupping\l0_gup18.png">
      <Filter>Resource Files\gups</Filter>
    </Image>
    <Image Include="..\..\Visible_Pain\Visible_Pain\gupping\l0_gup19.png">
      <Filter>Resource Files\gups</Filter>
    </Image>
    <Image Include="..\..\Visible_Pain\Visible_Pain\gupping\l0_gup20.png">
      <Filter>Resource Files\gups</Filter>
    </Image>
    <Image Include="..\..\Visible_Pain\Visible_Pain\gupping\l0_gup21.png">
      <Filter>Resource Files\gups</Filter>
    </Image>
    <Image Include="..\..\Visible_Pain\Visible_Pain\gupping\l0_gup22.png">
      <Filter>Resource Files\gups</Filter>
    </Image>
    <Image Include="..\..\Visible_Pain\Visible_Pain\gupping\l0_gup23.png">
      <Filter>Resource Files\gups</Filter>
    </Image>
    <Image Include="..\..\Visible_Pain\Visible_Pain\gupping\l0_gup24.png">
      <Filter>Resource Files\gups</Filter>
    </Image>
    <Image Include="..\..\Visible_Pain\Visible_Pain\gupping\l0_gup25.png">
      <Filter>Resource Files\gups</Filter>
    </Image>
    <Image Include="..\..\Visible_Pain\Visible_Pain\gupping\l0_gup26.png">
      <Filter>Resource Files\gups</Filter>
    </Image>
    <Image Include="..\..\Visible_Pain\Visible_Pain\gupping\l0_gup27.png">
      <Filter>Resource Files\gups</Filter>
    </Image>
    <Image Include="..\..\Visible_Pain\Visible_Pain\gupping\l0_gup28.png">
      <Filter>Resource Files\gups</Filter>
    </Image>
    <Image Include="..\..\Visible_Pain\Visible_Pain\gupping\memes\cute_gup.png">
      <Filter>Resource Files\memes</Filter>
    </Image>
    <Image Include="..\..\Visible_Pain\Visible_Pain\gupping\memes\film_of_gup.png">
      <Filter>Resource Files\memes</Filter>
    </Image>
    <Image Include="..\..\Visible_Pain\Visible_Pain\gupping\memes\girl_stealer_gup.png">
      <Filter>Resource Files\memes</Filter>
    </Image>
    <Image Include="..\..\Visible_Pain\Visible_Pain\gupping\memes\hiring_gup.png">
      <Filter>Resource Files\memes</Filter>
    </Image>
    <Image Include="..\..\Visible_Pain\Visible_Pain\gupping\memes\olympics_gup.png">
      <Filter>Resource Files\memes</Filter>
    </Image>
    <Image Include="..\..\Visible_Pain\Visible_Pain\gupping\memes\rank_gup.png">
      <Filter>Resource Files\memes</Filter>
    </Image>
    <Image Include="..\..\Visible_Pain\Visible_Pain\gupping\memes\strom_of_gup.png">
      <Filter>Resource Files\memes</Filter>
    </Image>
    <Image Include="..\..\Visible_Pain\Visible_Pain\gupping\memes\summer_gup.png">
      <Filter>Resource Files\memes</Filter>
    </Image>
    <Image Include="D:\letöltések\gup_icon.ico">
      <Filter>Resource Files</Filter>
    </Image>
  </ItemGroup>
</Project>